
Microsoft Visual Studio Solution File, Format Version 11.00
# Visual C# Express 2010
Project("{FAE04EC0-301F-11D3-BF4B-00C04F79EFBC}") = "base-wind", "base-wind.csproj", "{426093EE-C765-4B7B-AD88-400D4B9311DC}"
EndProject
Global
	GlobalSection(SolutionConfigurationPlatforms) = preSolution
		Debug|Any CPU = Debug|Any CPU
		Release|Any CPU = Release|Any CPU
	EndGlobalSection
	GlobalSection(ProjectConfigurationPlatforms) = postSolution
		{426093EE-C765-4B7B-AD88-400D4B9311DC}.Debug|Any CPU.ActiveCfg = Debug|Any CPU
		{426093EE-C765-4B7B-AD88-400D4B9311DC}.Debug|Any CPU.Build.0 = Debug|Any CPU
		{426093EE-C765-4B7B-AD88-400D4B9311DC}.Release|Any CPU.ActiveCfg = Release|Any CPU
		{426093EE-C765-4B7B-AD88-400D4B9311DC}.Release|Any CPU.Build.0 = Release|Any CPU
	EndGlobalSection
	GlobalSection(SolutionProperties) = preSolution
		HideSolutionNode = FALSE
	EndGlobalSection
EndGlobal
